
Microsoft Visual Studio Solution File, Format Version 12.00
# Visual Studio 2013
VisualStudioVersion = 12.0.21005.1
MinimumVisualStudioVersion = 10.0.40219.1
Project("{8BC9CEB8-8B4A-11D0-8D11-00A0C91BC942}") = "loop digits++", "loop digits++\loop digits++.vcxproj", "{FA0DE8DF-4B8B-4791-B0B0-6FD59A8D622F}"
EndProject
Global
	GlobalSection(SolutionConfigurationPlatforms) = preSolution
		Debug|Win32 = Debug|Win32
		Release|Win32 = Release|Win32
	EndGlobalSection
	GlobalSection(ProjectConfigurationPlatforms) = postSolution
		{FA0DE8DF-4B8B-4791-B0B0-6FD59A8D622F}.Debug|Win32.ActiveCfg = Debug|Win32
		{FA0DE8DF-4B8B-4791-B0B0-6FD59A8D622F}.Debug|Win32.Build.0 = Debug|Win32
		{FA0DE8DF-4B8B-4791-B0B0-6FD59A8D622F}.Release|Win32.ActiveCfg = Release|Win32
		{FA0DE8DF-4B8B-4791-B0B0-6FD59A8D622F}.Release|Win32.Build.0 = Release|Win32
	EndGlobalSection
	GlobalSection(SolutionProperties) = preSolution
		HideSolutionNode = FALSE
	EndGlobalSection
EndGlobal
